
Microsoft Visual Studio Solution File, Format Version 12.00
# Visual Studio Version 17
VisualStudioVersion = 17.11.35312.102
MinimumVisualStudioVersion = 10.0.40219.1
Project("{FAE04EC0-301F-11D3-BF4B-00C04F79EFBC}") = "Arrays", "Arrays\Arrays.csproj", "{5BD4C3A3-8606-4FC4-B109-2F9305575508}"
EndProject
Global
	GlobalSection(SolutionConfigurationPlatforms) = preSolution
		Debug|Any CPU = Debug|Any CPU
		Release|Any CPU = Release|Any CPU
	EndGlobalSection
	GlobalSection(ProjectConfigurationPlatforms) = postSolution
		{5BD4C3A3-8606-4FC4-B109-2F9305575508}.Debug|Any CPU.ActiveCfg = Debug|Any CPU
		{5BD4C3A3-8606-4FC4-B109-2F9305575508}.Debug|Any CPU.Build.0 = Debug|Any CPU
		{5BD4C3A3-8606-4FC4-B109-2F9305575508}.Release|Any CPU.ActiveCfg = Release|Any CPU
		{5BD4C3A3-8606-4FC4-B109-2F9305575508}.Release|Any CPU.Build.0 = Release|Any CPU
	EndGlobalSection
	GlobalSection(SolutionProperties) = preSolution
		HideSolutionNode = FALSE
	EndGlobalSection
	GlobalSection(ExtensibilityGlobals) = postSolution
		SolutionGuid = {D3889C64-6D34-4BDE-B8E1-2879F0674EBF}
	EndGlobalSection
EndGlobal
